{
  "name": "futurenda-babel-config",
  "version": "1.1.2",
  "lockfileVersion": 1,
  "requires": true,
  "dependencies": {
    "@babel/polyfill": {
      "version": "7.0.0",
      "resolved": "https://registry.npmjs.org/@babel/polyfill/-/polyfill-7.0.0.tgz",
      "integrity": "sha512-dnrMRkyyr74CRelJwvgnnSUDh2ge2NCTyHVwpOdvRMHtJUyxLtMAfhBN3s64pY41zdw0kgiLPh6S20eb1NcX6Q==",
      "requires": {
        "core-js": "^2.5.7",
        "regenerator-runtime": "^0.11.1"
      }
    },
    "babel-plugin-syntax-jsx": {
      "version": "6.18.0",
      "resolved": "https://registry.npmjs.org/babel-plugin-syntax-jsx/-/babel-plugin-syntax-jsx-6.18.0.tgz",
      "integrity": "sha1-CvMqmm4Tyno/1QaeYtew9Y0NiUY="
    },
    "babel-plugin-transform-string-to-import": {
      "version": "0.0.2",
      "resolved": "https://registry.npmjs.org/babel-plugin-transform-string-to-import/-/babel-plugin-transform-string-to-import-0.0.2.tgz",
      "integrity": "sha512-SxgKBzk8DVPbZa4AyyqEksp3RBaVrdwECzIceEHnuG7avBQE1uWDjYLwRE/ifKbOkpeD6sjWR81Wdj6co9xyOA==",
      "requires": {
        "babel-plugin-syntax-jsx": "^6.18.0"
      }
    },
    "babel-plugin-transform-vue-jsx": {
      "version": "4.0.1",
      "resolved": "https://registry.npmjs.org/babel-plugin-transform-vue-jsx/-/babel-plugin-transform-vue-jsx-4.0.1.tgz",
      "integrity": "sha512-wbOz7ITB5cloLSjKUU1hWn8zhR+Dwah/RZiTiJY/CQliCwhowmzu6m7NEF+y5EJX/blDzGjRtZvC10Vdb3Q7vw==",
      "requires": {
        "esutils": "^2.0.2"
      }
    },
    "core-js": {
      "version": "2.5.7",
      "resolved": "https://registry.npmjs.org/core-js/-/core-js-2.5.7.tgz",
      "integrity": "sha512-RszJCAxg/PP6uzXVXL6BsxSXx/B05oJAQ2vkJRjyjrEcNVycaqOmNb5OTxZPE3xa5gwZduqza6L9JOCenh/Ecw=="
    },
    "esutils": {
      "version": "2.0.2",
      "resolved": "https://registry.npmjs.org/esutils/-/esutils-2.0.2.tgz",
      "integrity": "sha1-Cr9PHKpbyx96nYrMbepPqqBLrJs="
    },
    "regenerator-runtime": {
      "version": "0.11.1",
      "resolved": "https://registry.npmjs.org/regenerator-runtime/-/regenerator-runtime-0.11.1.tgz",
      "integrity": "sha512-MguG95oij0fC3QV3URf4V2SDYGJhJnJGqvIIgdECeODCT98wSWDAJ94SSuVpYQUoTcGUIL6L4yNB7j1DFFHSBg=="
    }
  }
}
